
Microsoft Visual Studio Solution File, Format Version 12.00
# Visual Studio Version 16
VisualStudioVersion = 16.0.28729.10
MinimumVisualStudioVersion = 10.0.40219.1
Project("{FAE04EC0-301F-11D3-BF4B-00C04F79EFBC}") = "myApi", "myApi\myApi.csproj", "{D266E8D8-58C3-47A9-9804-2916C7C9EABB}"
EndProject
Global
	GlobalSection(SolutionConfigurationPlatforms) = preSolution
		Debug|Any CPU = Debug|Any CPU
		Release|Any CPU = Release|Any CPU
	EndGlobalSection
	GlobalSection(ProjectConfigurationPlatforms) = postSolution
		{D266E8D8-58C3-47A9-9804-2916C7C9EABB}.Debug|Any CPU.ActiveCfg = Debug|Any CPU
		{D266E8D8-58C3-47A9-9804-2916C7C9EABB}.Debug|Any CPU.Build.0 = Debug|Any CPU
		{D266E8D8-58C3-47A9-9804-2916C7C9EABB}.Release|Any CPU.ActiveCfg = Release|Any CPU
		{D266E8D8-58C3-47A9-9804-2916C7C9EABB}.Release|Any CPU.Build.0 = Release|Any CPU
	EndGlobalSection
	GlobalSection(SolutionProperties) = preSolution
		HideSolutionNode = FALSE
	EndGlobalSection
	GlobalSection(ExtensibilityGlobals) = postSolution
		SolutionGuid = {123894F6-0762-4E1E-AEFD-92BFA9213176}
	EndGlobalSection
EndGlobal
